
Microsoft Visual Studio Solution File, Format Version 12.00
# Visual Studio Version 16
VisualStudioVersion = 16.0.31702.278
MinimumVisualStudioVersion = 10.0.40219.1
Project("{FAE04EC0-301F-11D3-BF4B-00C04F79EFBC}") = "CieIntercalaImpresion", "CieIntercalaImpresion.csproj", "{64743C12-235E-4FD5-8EC5-314D0C407158}"
EndProject
Global
	GlobalSection(SolutionConfigurationPlatforms) = preSolution
		Debug|Any CPU = Debug|Any CPU
		Release|Any CPU = Release|Any CPU
	EndGlobalSection
	GlobalSection(ProjectConfigurationPlatforms) = postSolution
		{64743C12-235E-4FD5-8EC5-314D0C407158}.Debug|Any CPU.ActiveCfg = Debug|Any CPU
		{64743C12-235E-4FD5-8EC5-314D0C407158}.Debug|Any CPU.Build.0 = Debug|Any CPU
		{64743C12-235E-4FD5-8EC5-314D0C407158}.Release|Any CPU.ActiveCfg = Release|Any CPU
		{64743C12-235E-4FD5-8EC5-314D0C407158}.Release|Any CPU.Build.0 = Release|Any CPU
	EndGlobalSection
	GlobalSection(SolutionProperties) = preSolution
		HideSolutionNode = FALSE
	EndGlobalSection
	GlobalSection(ExtensibilityGlobals) = postSolution
		SolutionGuid = {161E2993-10C2-4317-B979-2A5F6FE48416}
	EndGlobalSection
EndGlobal
